// !$*UTF8*$!
{
	archiveVersion = 1;
	classes = {
	};
	objectVersion = 46;
	objects = {

/* Begin PBXBuildFile section */
		E999411B1EA0BF44007C918F /* AppDelegate.m in Sources */ = {isa = PBXBuildFile; fileRef = E999411A1EA0BF44007C918F /* AppDelegate.m */; };
		E99941231EA0BF44007C918F /* Assets.xcassets in Resources */ = {isa = PBXBuildFile; fileRef = E99941221EA0BF44007C918F /* Assets.xcassets */; };
		E99941261EA0BF44007C918F /* Main.storyboard in Resources */ = {isa = PBXBuildFile; fileRef = E99941241EA0BF44007C918F /* Main.storyboard */; };
		E99941541EA0C12D007C918F /* imgui_demo.cpp in Sources */ = {isa = PBXBuildFile; fileRef = E999414B1EA0C12D007C918F /* imgui_demo.cpp */; };
		E99941551EA0C12D007C918F /* imgui_draw.cpp in Sources */ = {isa = PBXBuildFile; fileRef = E999414C1EA0C12D007C918F /* imgui_draw.cpp */; };
		E99941561EA0C12D007C918F /* imgui_impl_glfw.cpp in Sources */ = {isa = PBXBuildFile; fileRef = E999414D1EA0C12D007C918F /* imgui_impl_glfw.cpp */; };
		E99941571EA0C12D007C918F /* imgui.cpp in Sources */ = {isa = PBXBuildFile; fileRef = E99941501EA0C12D007C918F /* imgui.cpp */; };
		E99941581EA0C12D007C918F /* libglfw3.dylib in Frameworks */ = {isa = PBXBuildFile; fileRef = E99941521EA0C12D007C918F /* libglfw3.dylib */; };
		E99941591EA0C12D007C918F /* main.cpp in Sources */ = {isa = PBXBuildFile; fileRef = E99941531EA0C12D007C918F /* main.cpp */; };
		E9F25B231EA62A28008867AE /* libjpeg.8.dylib in Frameworks */ = {isa = PBXBuildFile; fileRef = E9F25B221EA62A28008867AE /* libjpeg.8.dylib */; };
		E9F25B251EA62A3E008867AE /* libpng16.16.dylib in Frameworks */ = {isa = PBXBuildFile; fileRef = E9F25B241EA62A3E008867AE /* libpng16.16.dylib */; };
		E9F25B271EA705A7008867AE /* libfreeimage.3.17.0.dylib in Frameworks */ = {isa = PBXBuildFile; fileRef = E9F25B261EA705A7008867AE /* libfreeimage.3.17.0.dylib */; };
		E9F63AC61EA0CD0100550B1F /* liblua.dylib in Frameworks */ = {isa = PBXBuildFile; fileRef = E9F63AC51EA0CD0100550B1F /* liblua.dylib */; };
		E9F63AC81EA0D73F00550B1F /* scripts in Resources */ = {isa = PBXBuildFile; fileRef = E9F63AC71EA0D73F00550B1F /* scripts */; };
/* End PBXBuildFile section */

/* Begin PBXFileReference section */
		E99941161EA0BF44007C918F /* UIEditor.app */ = {isa = PBXFileReference; explicitFileType = wrapper.application; includeInIndex = 0; path = UIEditor.app; sourceTree = BUILT_PRODUCTS_DIR; };
		E99941191EA0BF44007C918F /* AppDelegate.h */ = {isa = PBXFileReference; lastKnownFileType = sourcecode.c.h; path = AppDelegate.h; sourceTree = "<group>"; };
		E999411A1EA0BF44007C918F /* AppDelegate.m */ = {isa = PBXFileReference; lastKnownFileType = sourcecode.c.objc; path = AppDelegate.m; sourceTree = "<group>"; };
		E999411D1EA0BF44007C918F /* main.m */ = {isa = PBXFileReference; lastKnownFileType = sourcecode.c.objc; path = main.m; sourceTree = "<group>"; };
		E99941221EA0BF44007C918F /* Assets.xcassets */ = {isa = PBXFileReference; lastKnownFileType = folder.assetcatalog; path = Assets.xcassets; sourceTree = "<group>"; };
		E99941251EA0BF44007C918F /* Base */ = {isa = PBXFileReference; lastKnownFileType = file.storyboard; name = Base; path = Base.lproj/Main.storyboard; sourceTree = "<group>"; };
		E99941271EA0BF44007C918F /* Info.plist */ = {isa = PBXFileReference; lastKnownFileType = text.plist.xml; path = Info.plist; sourceTree = "<group>"; };
		E999414A1EA0C12D007C918F /* imconfig.h */ = {isa = PBXFileReference; fileEncoding = 4; lastKnownFileType = sourcecode.c.h; path = imconfig.h; sourceTree = "<group>"; };
		E999414B1EA0C12D007C918F /* imgui_demo.cpp */ = {isa = PBXFileReference; fileEncoding = 4; lastKnownFileType = sourcecode.cpp.cpp; path = imgui_demo.cpp; sourceTree = "<group>"; };
		E999414C1EA0C12D007C918F /* imgui_draw.cpp */ = {isa = PBXFileReference; fileEncoding = 4; lastKnownFileType = sourcecode.cpp.cpp; path = imgui_draw.cpp; sourceTree = "<group>"; };
		E999414D1EA0C12D007C918F /* imgui_impl_glfw.cpp */ = {isa = PBXFileReference; fileEncoding = 4; lastKnownFileType = sourcecode.cpp.cpp; path = imgui_impl_glfw.cpp; sourceTree = "<group>"; };
		E999414E1EA0C12D007C918F /* imgui_impl_glfw.h */ = {isa = PBXFileReference; fileEncoding = 4; lastKnownFileType = sourcecode.c.h; path = imgui_impl_glfw.h; sourceTree = "<group>"; };
		E999414F1EA0C12D007C918F /* imgui_internal.h */ = {isa = PBXFileReference; fileEncoding = 4; lastKnownFileType = sourcecode.c.h; path = imgui_internal.h; sourceTree = "<group>"; };
		E99941501EA0C12D007C918F /* imgui.cpp */ = {isa = PBXFileReference; fileEncoding = 4; lastKnownFileType = sourcecode.cpp.cpp; path = imgui.cpp; sourceTree = "<group>"; };
		E99941511EA0C12D007C918F /* imgui.h */ = {isa = PBXFileReference; fileEncoding = 4; lastKnownFileType = sourcecode.c.h; path = imgui.h; sourceTree = "<group>"; };
		E99941521EA0C12D007C918F /* libglfw3.dylib */ = {isa = PBXFileReference; lastKnownFileType = "compiled.mach-o.dylib"; path = libglfw3.dylib; sourceTree = "<group>"; };
		E99941531EA0C12D007C918F /* main.cpp */ = {isa = PBXFileReference; fileEncoding = 4; lastKnownFileType = sourcecode.cpp.cpp; path = main.cpp; sourceTree = "<group>"; };
		E9F25B221EA62A28008867AE /* libjpeg.8.dylib */ = {isa = PBXFileReference; lastKnownFileType = "compiled.mach-o.dylib"; name = libjpeg.8.dylib; path = ../../../../../usr/local/Cellar/jpeg/8d/lib/libjpeg.8.dylib; sourceTree = "<group>"; };
		E9F25B241EA62A3E008867AE /* libpng16.16.dylib */ = {isa = PBXFileReference; lastKnownFileType = "compiled.mach-o.dylib"; name = libpng16.16.dylib; path = ../../../../../usr/local/Cellar/libpng/1.6.29/lib/libpng16.16.dylib; sourceTree = "<group>"; };
		E9F25B261EA705A7008867AE /* libfreeimage.3.17.0.dylib */ = {isa = PBXFileReference; lastKnownFileType = "compiled.mach-o.dylib"; name = libfreeimage.3.17.0.dylib; path = ../../../../../usr/local/Cellar/freeimage/3.17.0/lib/libfreeimage.3.17.0.dylib; sourceTree = "<group>"; };
		E9F63AC51EA0CD0100550B1F /* liblua.dylib */ = {isa = PBXFileReference; lastKnownFileType = "compiled.mach-o.dylib"; name = liblua.dylib; path = UIEditor/liblua.dylib; sourceTree = "<group>"; };
		E9F63AC71EA0D73F00550B1F /* scripts */ = {isa = PBXFileReference; lastKnownFileType = folder; path = scripts; sourceTree = "<group>"; };
/* End PBXFileReference section */

/* Begin PBXFrameworksBuildPhase section */
		E99941131EA0BF44007C918F /* Frameworks */ = {
			isa = PBXFrameworksBuildPhase;
			buildActionMask = 2147483647;
			files = (
				E9F25B271EA705A7008867AE /* libfreeimage.3.17.0.dylib in Frameworks */,
				E9F25B251EA62A3E008867AE /* libpng16.16.dylib in Frameworks */,
				E9F25B231EA62A28008867AE /* libjpeg.8.dylib in Frameworks */,
				E9F63AC61EA0CD0100550B1F /* liblua.dylib in Frameworks */,
				E99941581EA0C12D007C918F /* libglfw3.dylib in Frameworks */,
			);
			runOnlyForDeploymentPostprocessing = 0;
		};
/* End PBXFrameworksBuildPhase section */

/* Begin PBXGroup section */
		E999410D1EA0BF44007C918F = {
			isa = PBXGroup;
			children = (
				E9F63AC71EA0D73F00550B1F /* scripts */,
				E99941181EA0BF44007C918F /* UIEditor */,
				E99941171EA0BF44007C918F /* Products */,
				E9F63AC41EA0CD0100550B1F /* Frameworks */,
			);
			sourceTree = "<group>";
		};
		E99941171EA0BF44007C918F /* Products */ = {
			isa = PBXGroup;
			children = (
				E99941161EA0BF44007C918F /* UIEditor.app */,
			);
			name = Products;
			sourceTree = "<group>";
		};
		E99941181EA0BF44007C918F /* UIEditor */ = {
			isa = PBXGroup;
			children = (
				E999414A1EA0C12D007C918F /* imconfig.h */,
				E999414B1EA0C12D007C918F /* imgui_demo.cpp */,
				E999414C1EA0C12D007C918F /* imgui_draw.cpp */,
				E999414D1EA0C12D007C918F /* imgui_impl_glfw.cpp */,
				E999414E1EA0C12D007C918F /* imgui_impl_glfw.h */,
				E999414F1EA0C12D007C918F /* imgui_internal.h */,
				E99941501EA0C12D007C918F /* imgui.cpp */,
				E99941511EA0C12D007C918F /* imgui.h */,
				E99941521EA0C12D007C918F /* libglfw3.dylib */,
				E99941531EA0C12D007C918F /* main.cpp */,
				E99941191EA0BF44007C918F /* AppDelegate.h */,
				E999411A1EA0BF44007C918F /* AppDelegate.m */,
				E99941221EA0BF44007C918F /* Assets.xcassets */,
				E99941241EA0BF44007C918F /* Main.storyboard */,
				E99941271EA0BF44007C918F /* Info.plist */,
				E999411C1EA0BF44007C918F /* Supporting Files */,
			);
			path = UIEditor;
			sourceTree = "<group>";
		};
		E999411C1EA0BF44007C918F /* Supporting Files */ = {
			isa = PBXGroup;
			children = (
				E999411D1EA0BF44007C918F /* main.m */,
			);
			name = "Supporting Files";
			sourceTree = "<group>";
		};
		E9F63AC41EA0CD0100550B1F /* Frameworks */ = {
			isa = PBXGroup;
			children = (
				E9F25B261EA705A7008867AE /* libfreeimage.3.17.0.dylib */,
				E9F25B241EA62A3E008867AE /* libpng16.16.dylib */,
				E9F25B221EA62A28008867AE /* libjpeg.8.dylib */,
				E9F63AC51EA0CD0100550B1F /* liblua.dylib */,
			);
			name = Frameworks;
			sourceTree = "<group>";
		};
/* End PBXGroup section */

/* Begin PBXNativeTarget section */
		E99941151EA0BF44007C918F /* UIEditor */ = {
			isa = PBXNativeTarget;
			buildConfigurationList = E99941401EA0BF44007C918F /* Build configuration list for PBXNativeTarget "UIEditor" */;
			buildPhases = (
				E99941121EA0BF44007C918F /* Sources */,
				E99941131EA0BF44007C918F /* Frameworks */,
				E99941141EA0BF44007C918F /* Resources */,
			);
			buildRules = (
			);
			dependencies = (
			);
			name = UIEditor;
			productName = UIEditor;
			productReference = E99941161EA0BF44007C918F /* UIEditor.app */;
			productType = "com.apple.product-type.application";
		};
/* End PBXNativeTarget section */

/* Begin PBXProject section */
		E999410E1EA0BF44007C918F /* Project object */ = {
			isa = PBXProject;
			attributes = {
				LastUpgradeCheck = 0830;
				ORGANIZATIONNAME = zhe;
				TargetAttributes = {
					E99941151EA0BF44007C918F = {
						CreatedOnToolsVersion = 8.3.1;
						DevelopmentTeam = 4268K227HN;
						ProvisioningStyle = Automatic;
					};
				};
			};
			buildConfigurationList = E99941111EA0BF44007C918F /* Build configuration list for PBXProject "UIEditor" */;
			compatibilityVersion = "Xcode 3.2";
			developmentRegion = English;
			hasScannedForEncodings = 0;
			knownRegions = (
				en,
				Base,
			);
			mainGroup = E999410D1EA0BF44007C918F;
			productRefGroup = E99941171EA0BF44007C918F /* Products */;
			projectDirPath = "";
			projectRoot = "";
			targets = (
				E99941151EA0BF44007C918F /* UIEditor */,
			);
		};
/* End PBXProject section */

/* Begin PBXResourcesBuildPhase section */
		E99941141EA0BF44007C918F /* Resources */ = {
			isa = PBXResourcesBuildPhase;
			buildActionMask = 2147483647;
			files = (
				E9F63AC81EA0D73F00550B1F /* scripts in Resources */,
				E99941231EA0BF44007C918F /* Assets.xcassets in Resources */,
				E99941261EA0BF44007C918F /* Main.storyboard in Resources */,
			);
			runOnlyForDeploymentPostprocessing = 0;
		};
/* End PBXResourcesBuildPhase section */

/* Begin PBXSourcesBuildPhase section */
		E99941121EA0BF44007C918F /* Sources */ = {
			isa = PBXSourcesBuildPhase;
			buildActionMask = 2147483647;
			files = (
				E99941551EA0C12D007C918F /* imgui_draw.cpp in Sources */,
				E99941571EA0C12D007C918F /* imgui.cpp in Sources */,
				E99941541EA0C12D007C918F /* imgui_demo.cpp in Sources */,
				E99941591EA0C12D007C918F /* main.cpp in Sources */,
				E999411B1EA0BF44007C918F /* AppDelegate.m in Sources */,
				E99941561EA0C12D007C918F /* imgui_impl_glfw.cpp in Sources */,
			);
			runOnlyForDeploymentPostprocessing = 0;
		};
/* End PBXSourcesBuildPhase section */

/* Begin PBXVariantGroup section */
		E99941241EA0BF44007C918F /* Main.storyboard */ = {
			isa = PBXVariantGroup;
			children = (
				E99941251EA0BF44007C918F /* Base */,
			);
			name = Main.storyboard;
			sourceTree = "<group>";
		};
/* End PBXVariantGroup section */

/* Begin XCBuildConfiguration section */
		E999413E1EA0BF44007C918F /* Debug */ = {
			isa = XCBuildConfiguration;
			buildSettings = {
				ALWAYS_SEARCH_USER_PATHS = NO;
				CLANG_ANALYZER_NONNULL = YES;
				CLANG_ANALYZER_NUMBER_OBJECT_CONVERSION = YES_AGGRESSIVE;
				CLANG_CXX_LANGUAGE_STANDARD = "gnu++0x";
				CLANG_CXX_LIBRARY = "libc++";
				CLANG_ENABLE_MODULES = YES;
				CLANG_ENABLE_OBJC_ARC = YES;
				CLANG_WARN_BOOL_CONVERSION = YES;
				CLANG_WARN_CONSTANT_CONVERSION = YES;
				CLANG_WARN_DIRECT_OBJC_ISA_USAGE = YES_ERROR;
				CLANG_WARN_DOCUMENTATION_COMMENTS = YES;
				CLANG_WARN_EMPTY_BODY = YES;
				CLANG_WARN_ENUM_CONVERSION = YES;
				CLANG_WARN_INFINITE_RECURSION = YES;
				CLANG_WARN_INT_CONVERSION = YES;
				CLANG_WARN_OBJC_ROOT_CLASS = YES_ERROR;
				CLANG_WARN_SUSPICIOUS_MOVE = YES;
				CLANG_WARN_UNREACHABLE_CODE = YES;
				CLANG_WARN__DUPLICATE_METHOD_MATCH = YES;
				CODE_SIGN_IDENTITY = "-";
				COPY_PHASE_STRIP = NO;
				DEBUG_INFORMATION_FORMAT = dwarf;
				ENABLE_STRICT_OBJC_MSGSEND = YES;
				ENABLE_TESTABILITY = YES;
				GCC_C_LANGUAGE_STANDARD = gnu99;
				GCC_DYNAMIC_NO_PIC = NO;
				GCC_NO_COMMON_BLOCKS = YES;
				GCC_OPTIMIZATION_LEVEL = 0;
				GCC_PREPROCESSOR_DEFINITIONS = (
					"DEBUG=1",
					"$(inherited)",
				);
				GCC_WARN_64_TO_32_BIT_CONVERSION = YES;
				GCC_WARN_ABOUT_RETURN_TYPE = YES_ERROR;
				GCC_WARN_UNDECLARED_SELECTOR = YES;
				GCC_WARN_UNINITIALIZED_AUTOS = YES_AGGRESSIVE;
				GCC_WARN_UNUSED_FUNCTION = YES;
				GCC_WARN_UNUSED_VARIABLE = YES;
				MACOSX_DEPLOYMENT_TARGET = 10.12;
				MTL_ENABLE_DEBUG_INFO = YES;
				ONLY_ACTIVE_ARCH = YES;
				SDKROOT = macosx;
			};
			name = Debug;
		};
		E999413F1EA0BF44007C918F /* Release */ = {
			isa = XCBuildConfiguration;
			buildSettings = {
				ALWAYS_SEARCH_USER_PATHS = NO;
				CLANG_ANALYZER_NONNULL = YES;
				CLANG_ANALYZER_NUMBER_OBJECT_CONVERSION = YES_AGGRESSIVE;
				CLANG_CXX_LANGUAGE_STANDARD = "gnu++0x";
				CLANG_CXX_LIBRARY = "libc++";
				CLANG_ENABLE_MODULES = YES;
				CLANG_ENABLE_OBJC_ARC = YES;
				CLANG_WARN_BOOL_CONVERSION = YES;
				CLANG_WARN_CONSTANT_CONVERSION = YES;
				CLANG_WARN_DIRECT_OBJC_ISA_USAGE = YES_ERROR;
				CLANG_WARN_DOCUMENTATION_COMMENTS = YES;
				CLANG_WARN_EMPTY_BODY = YES;
				CLANG_WARN_ENUM_CONVERSION = YES;
				CLANG_WARN_INFINITE_RECURSION = YES;
				CLANG_WARN_INT_CONVERSION = YES;
				CLANG_WARN_OBJC_ROOT_CLASS = YES_ERROR;
				CLANG_WARN_SUSPICIOUS_MOVE = YES;
				CLANG_WARN_UNREACHABLE_CODE = YES;
				CLANG_WARN__DUPLICATE_METHOD_MATCH = YES;
				CODE_SIGN_IDENTITY = "-";
				COPY_PHASE_STRIP = NO;
				DEBUG_INFORMATION_FORMAT = "dwarf-with-dsym";
				ENABLE_NS_ASSERTIONS = NO;
				ENABLE_STRICT_OBJC_MSGSEND = YES;
				GCC_C_LANGUAGE_STANDARD = gnu99;
				GCC_NO_COMMON_BLOCKS = YES;
				GCC_WARN_64_TO_32_BIT_CONVERSION = YES;
				GCC_WARN_ABOUT_RETURN_TYPE = YES_ERROR;
				GCC_WARN_UNDECLARED_SELECTOR = YES;
				GCC_WARN_UNINITIALIZED_AUTOS = YES_AGGRESSIVE;
				GCC_WARN_UNUSED_FUNCTION = YES;
				GCC_WARN_UNUSED_VARIABLE = YES;
				MACOSX_DEPLOYMENT_TARGET = 10.12;
				MTL_ENABLE_DEBUG_INFO = NO;
				SDKROOT = macosx;
			};
			name = Release;
		};
		E99941411EA0BF44007C918F /* Debug */ = {
			isa = XCBuildConfiguration;
			buildSettings = {
				ASSETCATALOG_COMPILER_APPICON_NAME = AppIcon;
				CODE_SIGN_IDENTITY = "Mac Developer";
				COMBINE_HIDPI_IMAGES = YES;
				DEVELOPMENT_TEAM = 4268K227HN;
				GCC_PREPROCESSOR_DEFINITIONS = (
					"DEBUG=1",
					"cimg_OS=1",
					"$(inherited)",
					"cimg_display=0",
					"cimg_use_jpeg=1",
					"cimg_use_png=1",
				);
				HEADER_SEARCH_PATHS = (
					"$(inherited)",
					"$(SRCROOT)/UIEditor",
					/usr/local/include,
				);
				INFOPLIST_FILE = UIEditor/Info.plist;
				LD_RUNPATH_SEARCH_PATHS = "$(inherited) @executable_path/../Frameworks";
				LIBRARY_SEARCH_PATHS = (
					/usr/local/lib,
					"$(inherited)",
					"$(PROJECT_DIR)/UIEditor",
					/usr/local/Cellar/jpeg/8d/lib,
					/usr/local/Cellar/libpng/1.6.29/lib,
					/usr/local/Cellar/freeimage/3.17.0/lib,
				);
				OTHER_CFLAGS = "";
				OTHER_LDFLAGS = "";
				OTHER_LIBTOOLFLAGS = "";
				PRODUCT_BUNDLE_IDENTIFIER = com.paiqu.UIEditor;
				PRODUCT_NAME = "$(TARGET_NAME)";
				PROVISIONING_PROFILE_SPECIFIER = "";
				WARNING_LDFLAGS = "";
			};
			name = Debug;
		};
		E99941421EA0BF44007C918F /* Release */ = {
			isa = XCBuildConfiguration;
			buildSettings = {
				ASSETCATALOG_COMPILER_APPICON_NAME = AppIcon;
				CODE_SIGN_IDENTITY = "Mac Developer";
				COMBINE_HIDPI_IMAGES = YES;
				DEVELOPMENT_TEAM = 4268K227HN;
				GCC_PREPROCESSOR_DEFINITIONS = (
					"cimg_display=0",
					"cimg_OS=1",
					"cimg_use_jpeg=1",
					"cimg_use_png=1",
				);
				HEADER_SEARCH_PATHS = (
					"$(inherited)",
					"$(SRCROOT)/UIEditor",
					/usr/local/include,
				);
				INFOPLIST_FILE = UIEditor/Info.plist;
				LD_RUNPATH_SEARCH_PATHS = "$(inherited) @executable_path/../Frameworks";
				LIBRARY_SEARCH_PATHS = (
					/usr/local/lib,
					"$(inherited)",
					"$(PROJECT_DIR)/UIEditor",
					/usr/local/Cellar/jpeg/8d/lib,
					/usr/local/Cellar/libpng/1.6.29/lib,
					/usr/local/Cellar/freeimage/3.17.0/lib,
				);
				OTHER_CFLAGS = "";
				OTHER_LDFLAGS = "";
				OTHER_LIBTOOLFLAGS = "";
				PRODUCT_BUNDLE_IDENTIFIER = com.paiqu.UIEditor;
				PRODUCT_NAME = "$(TARGET_NAME)";
				PROVISIONING_PROFILE_SPECIFIER = "";
				WARNING_LDFLAGS = "";
			};
			name = Release;
		};
/* End XCBuildConfiguration section */

/* Begin XCConfigurationList section */
		E99941111EA0BF44007C918F /* Build configuration list for PBXProject "UIEditor" */ = {
			isa = XCConfigurationList;
			buildConfigurations = (
				E999413E1EA0BF44007C918F /* Debug */,
				E999413F1EA0BF44007C918F /* Release */,
			);
			defaultConfigurationIsVisible = 0;
			defaultConfigurationName = Release;
		};
		E99941401EA0BF44007C918F /* Build configuration list for PBXNativeTarget "UIEditor" */ = {
			isa = XCConfigurationList;
			buildConfigurations = (
				E99941411EA0BF44007C918F /* Debug */,
				E99941421EA0BF44007C918F /* Release */,
			);
			defaultConfigurationIsVisible = 0;
			defaultConfigurationName = Release;
		};
/* End XCConfigurationList section */
	};
	rootObject = E999410E1EA0BF44007C918F /* Project object */;
}
